
Microsoft Visual Studio Solution File, Format Version 12.00
# Visual Studio Version 16
VisualStudioVersion = 16.0.32228.343
MinimumVisualStudioVersion = 10.0.40219.1
Project("{8BC9CEB8-8B4A-11D0-8D11-00A0C91BC942}") = "test", "test\test.vcxproj", "{E3D24A8B-27AE-4102-973E-229592A8F867}"
EndProject
Global
	GlobalSection(SolutionConfigurationPlatforms) = preSolution
		Debug|x64 = Debug|x64
		Debug|x86 = Debug|x86
		Release|x64 = Release|x64
		Release|x86 = Release|x86
	EndGlobalSection
	GlobalSection(ProjectConfigurationPlatforms) = postSolution
		{E3D24A8B-27AE-4102-973E-229592A8F867}.Debug|x64.ActiveCfg = Debug|x64
		{E3D24A8B-27AE-4102-973E-229592A8F867}.Debug|x64.Build.0 = Debug|x64
		{E3D24A8B-27AE-4102-973E-229592A8F867}.Debug|x86.ActiveCfg = Debug|Win32
		{E3D24A8B-27AE-4102-973E-229592A8F867}.Debug|x86.Build.0 = Debug|Win32
		{E3D24A8B-27AE-4102-973E-229592A8F867}.Release|x64.ActiveCfg = Release|x64
		{E3D24A8B-27AE-4102-973E-229592A8F867}.Release|x64.Build.0 = Release|x64
		{E3D24A8B-27AE-4102-973E-229592A8F867}.Release|x86.ActiveCfg = Release|Win32
		{E3D24A8B-27AE-4102-973E-229592A8F867}.Release|x86.Build.0 = Release|Win32
	EndGlobalSection
	GlobalSection(SolutionProperties) = preSolution
		HideSolutionNode = FALSE
	EndGlobalSection
	GlobalSection(ExtensibilityGlobals) = postSolution
		SolutionGuid = {2498F2FC-9BB0-4EA6-BBDE-BAB1643BD65E}
	EndGlobalSection
EndGlobal
